
Microsoft Visual Studio Solution File, Format Version 12.00
# Visual Studio 15
VisualStudioVersion = 15.0.28307.1321
MinimumVisualStudioVersion = 10.0.40219.1
Project("{FAE04EC0-301F-11D3-BF4B-00C04F79EFBC}") = "Refaccionariav2", "Refaccionariav2\Refaccionariav2.csproj", "{F1D4AE0D-8348-4A77-BCE9-5EB13198E397}"
EndProject
Global
	GlobalSection(SolutionConfigurationPlatforms) = preSolution
		Debug|Any CPU = Debug|Any CPU
		Release|Any CPU = Release|Any CPU
	EndGlobalSection
	GlobalSection(ProjectConfigurationPlatforms) = postSolution
		{F1D4AE0D-8348-4A77-BCE9-5EB13198E397}.Debug|Any CPU.ActiveCfg = Debug|Any CPU
		{F1D4AE0D-8348-4A77-BCE9-5EB13198E397}.Debug|Any CPU.Build.0 = Debug|Any CPU
		{F1D4AE0D-8348-4A77-BCE9-5EB13198E397}.Release|Any CPU.ActiveCfg = Release|Any CPU
		{F1D4AE0D-8348-4A77-BCE9-5EB13198E397}.Release|Any CPU.Build.0 = Release|Any CPU
	EndGlobalSection
	GlobalSection(SolutionProperties) = preSolution
		HideSolutionNode = FALSE
	EndGlobalSection
	GlobalSection(ExtensibilityGlobals) = postSolution
		SolutionGuid = {4BC41BD8-21A2-48ED-A1EA-E6210A41830A}
	EndGlobalSection
EndGlobal
